// !$*UTF8*$!
{
	archiveVersion = 1;
	classes = {
	};
	objectVersion = 77;
	objects = {

/* Begin PBXBuildFile section */
		9A19A32B2FF0B2C300F0A1A1 /* WebOSClient in Frameworks */ = {isa = PBXBuildFile; productRef = 9A19A32A2FF0B2C300F0A1A1 /* WebOSClient */; };
		9A19A32C2FF0B2C300F0A1A1 /* WebOSClient in Frameworks */ = {isa = PBXBuildFile; productRef = 9A19A32A2FF0B2C300F0A1A1 /* WebOSClient */; };
/* End PBXBuildFile section */

/* Begin PBXContainerItemProxy section */
		491800432F06FD1D004EEF79 /* PBXContainerItemProxy */ = {
			isa = PBXContainerItemProxy;
			containerPortal = 4918002D2F06FD1B004EEF79 /* Project object */;
			proxyType = 1;
			remoteGlobalIDString = 491800342F06FD1B004EEF79;
			remoteInfo = UniversalTVRemote;
		};
		4918004D2F06FD1D004EEF79 /* PBXContainerItemProxy */ = {
			isa = PBXContainerItemProxy;
			containerPortal = 4918002D2F06FD1B004EEF79 /* Project object */;
			proxyType = 1;
			remoteGlobalIDString = 491800342F06FD1B004EEF79;
			remoteInfo = UniversalTVRemote;
		};
/* End PBXContainerItemProxy section */

/* Begin PBXFileReference section */
		491800352F06FD1B004EEF79 /* UniversalTVRemote.app */ = {isa = PBXFileReference; explicitFileType = wrapper.application; includeInIndex = 0; path = UniversalTVRemote.app; sourceTree = BUILT_PRODUCTS_DIR; };
		491800422F06FD1D004EEF79 /* UniversalTVRemoteTests.xctest */ = {isa = PBXFileReference; explicitFileType = wrapper.cfbundle; includeInIndex = 0; path = UniversalTVRemoteTests.xctest; sourceTree = BUILT_PRODUCTS_DIR; };
		4918004C2F06FD1D004EEF79 /* UniversalTVRemoteUITests.xctest */ = {isa = PBXFileReference; explicitFileType = wrapper.cfbundle; includeInIndex = 0; path = UniversalTVRemoteUITests.xctest; sourceTree = BUILT_PRODUCTS_DIR; };
/* End PBXFileReference section */

/* Begin PBXFileSystemSynchronizedBuildFileExceptionSet section */
		491801762F070103004EEF79 /* Exceptions for "UniversalTVRemote" folder in "UniversalTVRemote" target */ = {
			isa = PBXFileSystemSynchronizedBuildFileExceptionSet;
			membershipExceptions = (
				Info.plist,
			);
			target = 491800342F06FD1B004EEF79 /* UniversalTVRemote */;
		};
/* End PBXFileSystemSynchronizedBuildFileExceptionSet section */

/* Begin PBXFileSystemSynchronizedRootGroup section */
		491800372F06FD1B004EEF79 /* UniversalTVRemote */ = {
			isa = PBXFileSystemSynchronizedRootGroup;
			exceptions = (
				491801762F070103004EEF79 /* Exceptions for "UniversalTVRemote" folder in "UniversalTVRemote" target */,
			);
			path = UniversalTVRemote;
			sourceTree = "<group>";
		};
		491800452F06FD1D004EEF79 /* UniversalTVRemoteTests */ = {
			isa = PBXFileSystemSynchronizedRootGroup;
			path = UniversalTVRemoteTests;
			sourceTree = "<group>";
		};
		4918004F2F06FD1D004EEF79 /* UniversalTVRemoteUITests */ = {
			isa = PBXFileSystemSynchronizedRootGroup;
			path = UniversalTVRemoteUITests;
			sourceTree = "<group>";
		};
/* End PBXFileSystemSynchronizedRootGroup section */

/* Begin PBXFrameworksBuildPhase section */
		491800322F06FD1B004EEF79 /* Frameworks */ = {
			isa = PBXFrameworksBuildPhase;
			buildActionMask = 2147483647;
			files = (
				9A19A32B2FF0B2C300F0A1A1 /* WebOSClient in Frameworks */,
			);
			runOnlyForDeploymentPostprocessing = 0;
		};
		4918003F2F06FD1D004EEF79 /* Frameworks */ = {
			isa = PBXFrameworksBuildPhase;
			buildActionMask = 2147483647;
			files = (
				9A19A32C2FF0B2C300F0A1A1 /* WebOSClient in Frameworks */,
			);
			runOnlyForDeploymentPostprocessing = 0;
		};
		491800492F06FD1D004EEF79 /* Frameworks */ = {
			isa = PBXFrameworksBuildPhase;
			buildActionMask = 2147483647;
			files = (
			);
			runOnlyForDeploymentPostprocessing = 0;
		};
/* End PBXFrameworksBuildPhase section */

/* Begin PBXGroup section */
		4918002C2F06FD1B004EEF79 = {
			isa = PBXGroup;
			children = (
				491800372F06FD1B004EEF79 /* UniversalTVRemote */,
				491800452F06FD1D004EEF79 /* UniversalTVRemoteTests */,
				4918004F2F06FD1D004EEF79 /* UniversalTVRemoteUITests */,
				491800362F06FD1B004EEF79 /* Products */,
			);
			sourceTree = "<group>";
		};
		491800362F06FD1B004EEF79 /* Products */ = {
			isa = PBXGroup;
			children = (
				491800352F06FD1B004EEF79 /* UniversalTVRemote.app */,
				491800422F06FD1D004EEF79 /* UniversalTVRemoteTests.xctest */,
				4918004C2F06FD1D004EEF79 /* UniversalTVRemoteUITests.xctest */,
			);
			name = Products;
			sourceTree = "<group>";
		};
/* End PBXGroup section */

/* Begin PBXNativeTarget section */
		491800342F06FD1B004EEF79 /* UniversalTVRemote */ = {
			isa = PBXNativeTarget;
			buildConfigurationList = 491800562F06FD1D004EEF79 /* Build configuration list for PBXNativeTarget "UniversalTVRemote" */;
			buildPhases = (
				491800312F06FD1B004EEF79 /* Sources */,
				491800322F06FD1B004EEF79 /* Frameworks */,
				491800332F06FD1B004EEF79 /* Resources */,
			);
			buildRules = (
			);
			dependencies = (
			);
			fileSystemSynchronizedGroups = (
				491800372F06FD1B004EEF79 /* UniversalTVRemote */,
			);
			name = UniversalTVRemote;
			packageProductDependencies = (
				9A19A32A2FF0B2C300F0A1A1 /* WebOSClient */,
			);
			productName = UniversalTVRemote;
			productReference = 491800352F06FD1B004EEF79 /* UniversalTVRemote.app */;
			productType = "com.apple.product-type.application";
		};
		491800412F06FD1D004EEF79 /* UniversalTVRemoteTests */ = {
			isa = PBXNativeTarget;
			buildConfigurationList = 491800592F06FD1D004EEF79 /* Build configuration list for PBXNativeTarget "UniversalTVRemoteTests" */;
			buildPhases = (
				4918003E2F06FD1D004EEF79 /* Sources */,
				4918003F2F06FD1D004EEF79 /* Frameworks */,
				491800402F06FD1D004EEF79 /* Resources */,
			);
			buildRules = (
			);
			dependencies = (
				491800442F06FD1D004EEF79 /* PBXTargetDependency */,
			);
			fileSystemSynchronizedGroups = (
				491800452F06FD1D004EEF79 /* UniversalTVRemoteTests */,
			);
			name = UniversalTVRemoteTests;
			packageProductDependencies = (
				9A19A32A2FF0B2C300F0A1A1 /* WebOSClient */,
			);
			productName = UniversalTVRemoteTests;
			productReference = 491800422F06FD1D004EEF79 /* UniversalTVRemoteTests.xctest */;
			productType = "com.apple.product-type.bundle.unit-test";
		};
		4918004B2F06FD1D004EEF79 /* UniversalTVRemoteUITests */ = {
			isa = PBXNativeTarget;
			buildConfigurationList = 4918005C2F06FD1D004EEF79 /* Build configuration list for PBXNativeTarget "UniversalTVRemoteUITests" */;
			buildPhases = (
				491800482F06FD1D004EEF79 /* Sources */,
				491800492F06FD1D004EEF79 /* Frameworks */,
				4918004A2F06FD1D004EEF79 /* Resources */,
			);
			buildRules = (
			);
			dependencies = (
				4918004E2F06FD1D004EEF79 /* PBXTargetDependency */,
			);
			fileSystemSynchronizedGroups = (
				4918004F2F06FD1D004EEF79 /* UniversalTVRemoteUITests */,
			);
			name = UniversalTVRemoteUITests;
			packageProductDependencies = (
			);
			productName = UniversalTVRemoteUITests;
			productReference = 4918004C2F06FD1D004EEF79 /* UniversalTVRemoteUITests.xctest */;
			productType = "com.apple.product-type.bundle.ui-testing";
		};
/* End PBXNativeTarget section */

/* Begin PBXProject section */
		4918002D2F06FD1B004EEF79 /* Project object */ = {
			isa = PBXProject;
			attributes = {
				BuildIndependentTargetsInParallel = 1;
				LastSwiftUpdateCheck = 2620;
				LastUpgradeCheck = 2620;
				TargetAttributes = {
					491800342F06FD1B004EEF79 = {
						CreatedOnToolsVersion = 26.2;
					};
					491800412F06FD1D004EEF79 = {
						CreatedOnToolsVersion = 26.2;
						TestTargetID = 491800342F06FD1B004EEF79;
					};
					4918004B2F06FD1D004EEF79 = {
						CreatedOnToolsVersion = 26.2;
						TestTargetID = 491800342F06FD1B004EEF79;
					};
				};
			};
			buildConfigurationList = 491800302F06FD1B004EEF79 /* Build configuration list for PBXProject "UniversalTVRemote" */;
			developmentRegion = en;
			hasScannedForEncodings = 0;
			knownRegions = (
				en,
				Base,
			);
			mainGroup = 4918002C2F06FD1B004EEF79;
			minimizedProjectReferenceProxies = 1;
			packageReferences = (
				9A19A3292FF0B2C300F0A1A1 /* XCRemoteSwiftPackageReference "WebOSClient" */,
			);
			preferredProjectObjectVersion = 77;
			productRefGroup = 491800362F06FD1B004EEF79 /* Products */;
			projectDirPath = "";
			projectRoot = "";
			targets = (
				491800342F06FD1B004EEF79 /* UniversalTVRemote */,
				491800412F06FD1D004EEF79 /* UniversalTVRemoteTests */,
				4918004B2F06FD1D004EEF79 /* UniversalTVRemoteUITests */,
			);
		};
/* End PBXProject section */

/* Begin PBXResourcesBuildPhase section */
		491800332F06FD1B004EEF79 /* Resources */ = {
			isa = PBXResourcesBuildPhase;
			buildActionMask = 2147483647;
			files = (
			);
			runOnlyForDeploymentPostprocessing = 0;
		};
		491800402F06FD1D004EEF79 /* Resources */ = {
			isa = PBXResourcesBuildPhase;
			buildActionMask = 2147483647;
			files = (
			);
			runOnlyForDeploymentPostprocessing = 0;
		};
		4918004A2F06FD1D004EEF79 /* Resources */ = {
			isa = PBXResourcesBuildPhase;
			buildActionMask = 2147483647;
			files = (
			);
			runOnlyForDeploymentPostprocessing = 0;
		};
/* End PBXResourcesBuildPhase section */

/* Begin PBXSourcesBuildPhase section */
		491800312F06FD1B004EEF79 /* Sources */ = {
			isa = PBXSourcesBuildPhase;
			buildActionMask = 2147483647;
			files = (
			);
			runOnlyForDeploymentPostprocessing = 0;
		};
		4918003E2F06FD1D004EEF79 /* Sources */ = {
			isa = PBXSourcesBuildPhase;
			buildActionMask = 2147483647;
			files = (
			);
			runOnlyForDeploymentPostprocessing = 0;
		};
		491800482F06FD1D004EEF79 /* Sources */ = {
			isa = PBXSourcesBuildPhase;
			buildActionMask = 2147483647;
			files = (
			);
			runOnlyForDeploymentPostprocessing = 0;
		};
/* End PBXSourcesBuildPhase section */

/* Begin PBXTargetDependency section */
		491800442F06FD1D004EEF79 /* PBXTargetDependency */ = {
			isa = PBXTargetDependency;
			target = 491800342F06FD1B004EEF79 /* UniversalTVRemote */;
			targetProxy = 491800432F06FD1D004EEF79 /* PBXContainerItemProxy */;
		};
		4918004E2F06FD1D004EEF79 /* PBXTargetDependency */ = {
			isa = PBXTargetDependency;
			target = 491800342F06FD1B004EEF79 /* UniversalTVRemote */;
			targetProxy = 4918004D2F06FD1D004EEF79 /* PBXContainerItemProxy */;
		};
/* End PBXTargetDependency section */

/* Begin XCBuildConfiguration section */
		491800542F06FD1D004EEF79 /* Debug */ = {
			isa = XCBuildConfiguration;
			buildSettings = {
				ALWAYS_SEARCH_USER_PATHS = NO;
				ASSETCATALOG_COMPILER_GENERATE_SWIFT_ASSET_SYMBOL_EXTENSIONS = YES;
				CLANG_ANALYZER_NONNULL = YES;
				CLANG_ANALYZER_NUMBER_OBJECT_CONVERSION = YES_AGGRESSIVE;
				CLANG_CXX_LANGUAGE_STANDARD = "gnu++20";
				CLANG_ENABLE_MODULES = YES;
				CLANG_ENABLE_OBJC_ARC = YES;
				CLANG_ENABLE_OBJC_WEAK = YES;
				CLANG_WARN_BLOCK_CAPTURE_AUTORELEASING = YES;
				CLANG_WARN_BOOL_CONVERSION = YES;
				CLANG_WARN_COMMA = YES;
				CLANG_WARN_CONSTANT_CONVERSION = YES;
				CLANG_WARN_DEPRECATED_OBJC_IMPLEMENTATIONS = YES;
				CLANG_WARN_DIRECT_OBJC_ISA_USAGE = YES_ERROR;
				CLANG_WARN_DOCUMENTATION_COMMENTS = YES;
				CLANG_WARN_EMPTY_BODY = YES;
				CLANG_WARN_ENUM_CONVERSION = YES;
				CLANG_WARN_INFINITE_RECURSION = YES;
				CLANG_WARN_INT_CONVERSION = YES;
				CLANG_WARN_NON_LITERAL_NULL_CONVERSION = YES;
				CLANG_WARN_OBJC_IMPLICIT_RETAIN_SELF = YES;
				CLANG_WARN_OBJC_LITERAL_CONVERSION = YES;
				CLANG_WARN_OBJC_ROOT_CLASS = YES_ERROR;
				CLANG_WARN_QUOTED_INCLUDE_IN_FRAMEWORK_HEADER = YES;
				CLANG_WARN_RANGE_LOOP_ANALYSIS = YES;
				CLANG_WARN_STRICT_PROTOTYPES = YES;
				CLANG_WARN_SUSPICIOUS_MOVE = YES;
				CLANG_WARN_UNGUARDED_AVAILABILITY = YES_AGGRESSIVE;
				CLANG_WARN_UNREACHABLE_CODE = YES;
				CLANG_WARN__DUPLICATE_METHOD_MATCH = YES;
				COPY_PHASE_STRIP = NO;
				DEBUG_INFORMATION_FORMAT = dwarf;
				DEVELOPMENT_TEAM = 5NTH83594V;
				ENABLE_STRICT_OBJC_MSGSEND = YES;
				ENABLE_TESTABILITY = YES;
				ENABLE_USER_SCRIPT_SANDBOXING = YES;
				GCC_C_LANGUAGE_STANDARD = gnu17;
				GCC_DYNAMIC_NO_PIC = NO;
				GCC_NO_COMMON_BLOCKS = YES;
				GCC_OPTIMIZATION_LEVEL = 0;
				GCC_PREPROCESSOR_DEFINITIONS = (
					"DEBUG=1",
					"$(inherited)",
				);
				GCC_WARN_64_TO_32_BIT_CONVERSION = YES;
				GCC_WARN_ABOUT_RETURN_TYPE = YES_ERROR;
				GCC_WARN_UNDECLARED_SELECTOR = YES;
				GCC_WARN_UNINITIALIZED_AUTOS = YES_AGGRESSIVE;
				GCC_WARN_UNUSED_FUNCTION = YES;
				GCC_WARN_UNUSED_VARIABLE = YES;
				IPHONEOS_DEPLOYMENT_TARGET = 26.2;
				LOCALIZATION_PREFERS_STRING_CATALOGS = YES;
				MTL_ENABLE_DEBUG_INFO = INCLUDE_SOURCE;
				MTL_FAST_MATH = YES;
				ONLY_ACTIVE_ARCH = YES;
				SDKROOT = iphoneos;
				SWIFT_ACTIVE_COMPILATION_CONDITIONS = "DEBUG $(inherited)";
				SWIFT_OPTIMIZATION_LEVEL = "-Onone";
			};
			name = Debug;
		};
		491800552F06FD1D004EEF79 /* Release */ = {
			isa = XCBuildConfiguration;
			buildSettings = {
				ALWAYS_SEARCH_USER_PATHS = NO;
				ASSETCATALOG_COMPILER_GENERATE_SWIFT_ASSET_SYMBOL_EXTENSIONS = YES;
				CLANG_ANALYZER_NONNULL = YES;
				CLANG_ANALYZER_NUMBER_OBJECT_CONVERSION = YES_AGGRESSIVE;
				CLANG_CXX_LANGUAGE_STANDARD = "gnu++20";
				CLANG_ENABLE_MODULES = YES;
				CLANG_ENABLE_OBJC_ARC = YES;
				CLANG_ENABLE_OBJC_WEAK = YES;
				CLANG_WARN_BLOCK_CAPTURE_AUTORELEASING = YES;
				CLANG_WARN_BOOL_CONVERSION = YES;
				CLANG_WARN_COMMA = YES;
				CLANG_WARN_CONSTANT_CONVERSION = YES;
				CLANG_WARN_DEPRECATED_OBJC_IMPLEMENTATIONS = YES;
				CLANG_WARN_DIRECT_OBJC_ISA_USAGE = YES_ERROR;
				CLANG_WARN_DOCUMENTATION_COMMENTS = YES;
				CLANG_WARN_EMPTY_BODY = YES;
				CLANG_WARN_ENUM_CONVERSION = YES;
				CLANG_WARN_INFINITE_RECURSION = YES;
				CLANG_WARN_INT_CONVERSION = YES;
				CLANG_WARN_NON_LITERAL_NULL_CONVERSION = YES;
				CLANG_WARN_OBJC_IMPLICIT_RETAIN_SELF = YES;
				CLANG_WARN_OBJC_LITERAL_CONVERSION = YES;
				CLANG_WARN_OBJC_ROOT_CLASS = YES_ERROR;
				CLANG_WARN_QUOTED_INCLUDE_IN_FRAMEWORK_HEADER = YES;
				CLANG_WARN_RANGE_LOOP_ANALYSIS = YES;
				CLANG_WARN_STRICT_PROTOTYPES = YES;
				CLANG_WARN_SUSPICIOUS_MOVE = YES;
				CLANG_WARN_UNGUARDED_AVAILABILITY = YES_AGGRESSIVE;
				CLANG_WARN_UNREACHABLE_CODE = YES;
				CLANG_WARN__DUPLICATE_METHOD_MATCH = YES;
				COPY_PHASE_STRIP = NO;
				DEBUG_INFORMATION_FORMAT = "dwarf-with-dsym";
				DEVELOPMENT_TEAM = 5NTH83594V;
				ENABLE_NS_ASSERTIONS = NO;
				ENABLE_STRICT_OBJC_MSGSEND = YES;
				ENABLE_USER_SCRIPT_SANDBOXING = YES;
				GCC_C_LANGUAGE_STANDARD = gnu17;
				GCC_NO_COMMON_BLOCKS = YES;
				GCC_WARN_64_TO_32_BIT_CONVERSION = YES;
				GCC_WARN_ABOUT_RETURN_TYPE = YES_ERROR;
				GCC_WARN_UNDECLARED_SELECTOR = YES;
				GCC_WARN_UNINITIALIZED_AUTOS = YES_AGGRESSIVE;
				GCC_WARN_UNUSED_FUNCTION = YES;
				GCC_WARN_UNUSED_VARIABLE = YES;
				IPHONEOS_DEPLOYMENT_TARGET = 26.2;
				LOCALIZATION_PREFERS_STRING_CATALOGS = YES;
				MTL_ENABLE_DEBUG_INFO = NO;
				MTL_FAST_MATH = YES;
				SDKROOT = iphoneos;
				SWIFT_COMPILATION_MODE = wholemodule;
				VALIDATE_PRODUCT = YES;
			};
			name = Release;
		};
		491800572F06FD1D004EEF79 /* Debug */ = {
			isa = XCBuildConfiguration;
			buildSettings = {
				ASSETCATALOG_COMPILER_APPICON_NAME = AppIcon;
				ASSETCATALOG_COMPILER_GLOBAL_ACCENT_COLOR_NAME = AccentColor;
				CODE_SIGN_STYLE = Automatic;
				CURRENT_PROJECT_VERSION = 1;
				DEVELOPMENT_TEAM = 5NTH83594V;
				ENABLE_PREVIEWS = YES;
				GENERATE_INFOPLIST_FILE = YES;
				INFOPLIST_FILE = UniversalTVRemote/Info.plist;
				INFOPLIST_KEY_NSLocalNetworkUsageDescription = "Découverte et contrôle des appareils TV sur le réseau local.";
				INFOPLIST_KEY_NSMicrophoneUsageDescription = "Commandes vocales.";
				INFOPLIST_KEY_NSPhotoLibraryUsageDescription = "Sélection de photos/vidéos à caster.";
				INFOPLIST_KEY_NSSpeechRecognitionUsageDescription = "Reconnaissance des commandes vocales.";
				INFOPLIST_KEY_UIApplicationSceneManifest_Generation = YES;
				INFOPLIST_KEY_UIApplicationSupportsIndirectInputEvents = YES;
				INFOPLIST_KEY_UILaunchScreen_Generation = YES;
				INFOPLIST_KEY_UISupportedInterfaceOrientations_iPad = "UIInterfaceOrientationPortrait UIInterfaceOrientationPortraitUpsideDown UIInterfaceOrientationLandscapeLeft UIInterfaceOrientationLandscapeRight";
				INFOPLIST_KEY_UISupportedInterfaceOrientations_iPhone = "UIInterfaceOrientationPortrait UIInterfaceOrientationLandscapeLeft UIInterfaceOrientationLandscapeRight";
				LD_RUNPATH_SEARCH_PATHS = (
					"$(inherited)",
					"@executable_path/Frameworks",
				);
				MARKETING_VERSION = 1.0;
				PRODUCT_BUNDLE_IDENTIFIER = com.i2cmedia.UniversalTVRemote;
				PRODUCT_NAME = "$(TARGET_NAME)";
				STRING_CATALOG_GENERATE_SYMBOLS = YES;
				SWIFT_APPROACHABLE_CONCURRENCY = YES;
				SWIFT_DEFAULT_ACTOR_ISOLATION = MainActor;
				SWIFT_EMIT_LOC_STRINGS = YES;
				SWIFT_UPCOMING_FEATURE_MEMBER_IMPORT_VISIBILITY = YES;
				SWIFT_VERSION = 5.0;
				TARGETED_DEVICE_FAMILY = "1,2";
			};
			name = Debug;
		};
		491800582F06FD1D004EEF79 /* Release */ = {
			isa = XCBuildConfiguration;
			buildSettings = {
				ASSETCATALOG_COMPILER_APPICON_NAME = AppIcon;
				ASSETCATALOG_COMPILER_GLOBAL_ACCENT_COLOR_NAME = AccentColor;
				CODE_SIGN_STYLE = Automatic;
				CURRENT_PROJECT_VERSION = 1;
				DEVELOPMENT_TEAM = 5NTH83594V;
				ENABLE_PREVIEWS = YES;
				GENERATE_INFOPLIST_FILE = YES;
				INFOPLIST_FILE = UniversalTVRemote/Info.plist;
				INFOPLIST_KEY_NSLocalNetworkUsageDescription = "Découverte et contrôle des appareils TV sur le réseau local.";
				INFOPLIST_KEY_NSMicrophoneUsageDescription = "Commandes vocales.";
				INFOPLIST_KEY_NSPhotoLibraryUsageDescription = "Sélection de photos/vidéos à caster.";
				INFOPLIST_KEY_NSSpeechRecognitionUsageDescription = "Reconnaissance des commandes vocales.";
				INFOPLIST_KEY_UIApplicationSceneManifest_Generation = YES;
				INFOPLIST_KEY_UIApplicationSupportsIndirectInputEvents = YES;
				INFOPLIST_KEY_UILaunchScreen_Generation = YES;
				INFOPLIST_KEY_UISupportedInterfaceOrientations_iPad = "UIInterfaceOrientationPortrait UIInterfaceOrientationPortraitUpsideDown UIInterfaceOrientationLandscapeLeft UIInterfaceOrientationLandscapeRight";
				INFOPLIST_KEY_UISupportedInterfaceOrientations_iPhone = "UIInterfaceOrientationPortrait UIInterfaceOrientationLandscapeLeft UIInterfaceOrientationLandscapeRight";
				LD_RUNPATH_SEARCH_PATHS = (
					"$(inherited)",
					"@executable_path/Frameworks",
				);
				MARKETING_VERSION = 1.0;
				PRODUCT_BUNDLE_IDENTIFIER = com.i2cmedia.UniversalTVRemote;
				PRODUCT_NAME = "$(TARGET_NAME)";
				STRING_CATALOG_GENERATE_SYMBOLS = YES;
				SWIFT_APPROACHABLE_CONCURRENCY = YES;
				SWIFT_DEFAULT_ACTOR_ISOLATION = MainActor;
				SWIFT_EMIT_LOC_STRINGS = YES;
				SWIFT_UPCOMING_FEATURE_MEMBER_IMPORT_VISIBILITY = YES;
				SWIFT_VERSION = 5.0;
				TARGETED_DEVICE_FAMILY = "1,2";
			};
			name = Release;
		};
		4918005A2F06FD1D004EEF79 /* Debug */ = {
			isa = XCBuildConfiguration;
			buildSettings = {
				BUNDLE_LOADER = "$(TEST_HOST)";
				CODE_SIGN_STYLE = Automatic;
				CURRENT_PROJECT_VERSION = 1;
				DEVELOPMENT_TEAM = 5NTH83594V;
				GENERATE_INFOPLIST_FILE = YES;
				IPHONEOS_DEPLOYMENT_TARGET = 26.2;
				MARKETING_VERSION = 1.0;
				PRODUCT_BUNDLE_IDENTIFIER = com.i2cmedia.UniversalTVRemoteTests;
				PRODUCT_NAME = "$(TARGET_NAME)";
				STRING_CATALOG_GENERATE_SYMBOLS = NO;
				SWIFT_APPROACHABLE_CONCURRENCY = YES;
				SWIFT_EMIT_LOC_STRINGS = NO;
				SWIFT_UPCOMING_FEATURE_MEMBER_IMPORT_VISIBILITY = YES;
				SWIFT_VERSION = 5.0;
				TARGETED_DEVICE_FAMILY = "1,2";
				TEST_HOST = "$(BUILT_PRODUCTS_DIR)/UniversalTVRemote.app/$(BUNDLE_EXECUTABLE_FOLDER_PATH)/UniversalTVRemote";
			};
			name = Debug;
		};
		4918005B2F06FD1D004EEF79 /* Release */ = {
			isa = XCBuildConfiguration;
			buildSettings = {
				BUNDLE_LOADER = "$(TEST_HOST)";
				CODE_SIGN_STYLE = Automatic;
				CURRENT_PROJECT_VERSION = 1;
				DEVELOPMENT_TEAM = 5NTH83594V;
				GENERATE_INFOPLIST_FILE = YES;
				IPHONEOS_DEPLOYMENT_TARGET = 26.2;
				MARKETING_VERSION = 1.0;
				PRODUCT_BUNDLE_IDENTIFIER = com.i2cmedia.UniversalTVRemoteTests;
				PRODUCT_NAME = "$(TARGET_NAME)";
				STRING_CATALOG_GENERATE_SYMBOLS = NO;
				SWIFT_APPROACHABLE_CONCURRENCY = YES;
				SWIFT_EMIT_LOC_STRINGS = NO;
				SWIFT_UPCOMING_FEATURE_MEMBER_IMPORT_VISIBILITY = YES;
				SWIFT_VERSION = 5.0;
				TARGETED_DEVICE_FAMILY = "1,2";
				TEST_HOST = "$(BUILT_PRODUCTS_DIR)/UniversalTVRemote.app/$(BUNDLE_EXECUTABLE_FOLDER_PATH)/UniversalTVRemote";
			};
			name = Release;
		};
		4918005D2F06FD1D004EEF79 /* Debug */ = {
			isa = XCBuildConfiguration;
			buildSettings = {
				CODE_SIGN_STYLE = Automatic;
				CURRENT_PROJECT_VERSION = 1;
				DEVELOPMENT_TEAM = 5NTH83594V;
				GENERATE_INFOPLIST_FILE = YES;
				MARKETING_VERSION = 1.0;
				PRODUCT_BUNDLE_IDENTIFIER = com.i2cmedia.UniversalTVRemoteUITests;
				PRODUCT_NAME = "$(TARGET_NAME)";
				STRING_CATALOG_GENERATE_SYMBOLS = NO;
				SWIFT_APPROACHABLE_CONCURRENCY = YES;
				SWIFT_EMIT_LOC_STRINGS = NO;
				SWIFT_UPCOMING_FEATURE_MEMBER_IMPORT_VISIBILITY = YES;
				SWIFT_VERSION = 5.0;
				TARGETED_DEVICE_FAMILY = "1,2";
				TEST_TARGET_NAME = UniversalTVRemote;
			};
			name = Debug;
		};
		4918005E2F06FD1D004EEF79 /* Release */ = {
			isa = XCBuildConfiguration;
			buildSettings = {
				CODE_SIGN_STYLE = Automatic;
				CURRENT_PROJECT_VERSION = 1;
				DEVELOPMENT_TEAM = 5NTH83594V;
				GENERATE_INFOPLIST_FILE = YES;
				MARKETING_VERSION = 1.0;
				PRODUCT_BUNDLE_IDENTIFIER = com.i2cmedia.UniversalTVRemoteUITests;
				PRODUCT_NAME = "$(TARGET_NAME)";
				STRING_CATALOG_GENERATE_SYMBOLS = NO;
				SWIFT_APPROACHABLE_CONCURRENCY = YES;
				SWIFT_EMIT_LOC_STRINGS = NO;
				SWIFT_UPCOMING_FEATURE_MEMBER_IMPORT_VISIBILITY = YES;
				SWIFT_VERSION = 5.0;
				TARGETED_DEVICE_FAMILY = "1,2";
				TEST_TARGET_NAME = UniversalTVRemote;
			};
			name = Release;
		};
/* End XCBuildConfiguration section */

/* Begin XCConfigurationList section */
		491800302F06FD1B004EEF79 /* Build configuration list for PBXProject "UniversalTVRemote" */ = {
			isa = XCConfigurationList;
			buildConfigurations = (
				491800542F06FD1D004EEF79 /* Debug */,
				491800552F06FD1D004EEF79 /* Release */,
			);
			defaultConfigurationIsVisible = 0;
			defaultConfigurationName = Release;
		};
		491800562F06FD1D004EEF79 /* Build configuration list for PBXNativeTarget "UniversalTVRemote" */ = {
			isa = XCConfigurationList;
			buildConfigurations = (
				491800572F06FD1D004EEF79 /* Debug */,
				491800582F06FD1D004EEF79 /* Release */,
			);
			defaultConfigurationIsVisible = 0;
			defaultConfigurationName = Release;
		};
		491800592F06FD1D004EEF79 /* Build configuration list for PBXNativeTarget "UniversalTVRemoteTests" */ = {
			isa = XCConfigurationList;
			buildConfigurations = (
				4918005A2F06FD1D004EEF79 /* Debug */,
				4918005B2F06FD1D004EEF79 /* Release */,
			);
			defaultConfigurationIsVisible = 0;
			defaultConfigurationName = Release;
		};
		4918005C2F06FD1D004EEF79 /* Build configuration list for PBXNativeTarget "UniversalTVRemoteUITests" */ = {
			isa = XCConfigurationList;
			buildConfigurations = (
				4918005D2F06FD1D004EEF79 /* Debug */,
				4918005E2F06FD1D004EEF79 /* Release */,
			);
			defaultConfigurationIsVisible = 0;
			defaultConfigurationName = Release;
		};
/* End XCConfigurationList section */

/* Begin XCRemoteSwiftPackageReference section */
		9A19A3292FF0B2C300F0A1A1 /* XCRemoteSwiftPackageReference "WebOSClient" */ = {
			isa = XCRemoteSwiftPackageReference;
			repositoryURL = "https://github.com/jareksedy/WebOSClient.git";
			requirement = {
				kind = upToNextMajorVersion;
				minimumVersion = 1.5.1;
			};
		};
/* End XCRemoteSwiftPackageReference section */

/* Begin XCSwiftPackageProductDependency section */
		9A19A32A2FF0B2C300F0A1A1 /* WebOSClient */ = {
			isa = XCSwiftPackageProductDependency;
			package = 9A19A3292FF0B2C300F0A1A1 /* XCRemoteSwiftPackageReference "WebOSClient" */;
			productName = WebOSClient;
		};
/* End XCSwiftPackageProductDependency section */
	};
	rootObject = 4918002D2F06FD1B004EEF79 /* Project object */;
}
